<?xml version="1.0" encoding="UTF-8"?>
<Project ToolsVersion="15.0" xmlns="http://schemas.microsoft.com/developer/msbuild/2003">
  <ItemGroup>
    <ClCompile Include="D:\Desktop\ツール各種\PhisicsEngine\bullet3-2.87\bullet3-2.87\test\gtest-1.7.0\src\gtest-all.cc">
      <Filter>Source Files</Filter>
    </ClCompile>
  </ItemGroup>
  <ItemGroup>
    <ClInclude Include="D:\Desktop\ツール各種\PhisicsEngine\bullet3-2.87\bullet3-2.87\test\gtest-1.7.0\include\gtest\gtest-death-test.h">
      <Filter>Header Files</Filter>
    </ClInclude>
    <ClInclude Include="D:\Desktop\ツール各種\PhisicsEngine\bullet3-2.87\bullet3-2.87\test\gtest-1.7.0\include\gtest\gtest-message.h">
      <Filter>Header Files</Filter>
    </ClInclude>
    <ClInclude Include="D:\Desktop\ツール各種\PhisicsEngine\bullet3-2.87\bullet3-2.87\test\gtest-1.7.0\include\gtest\gtest-param-test.h">
      <Filter>Header Files</Filter>
    </ClInclude>
    <ClInclude Include="D:\Desktop\ツール各種\PhisicsEngine\bullet3-2.87\bullet3-2.87\test\gtest-1.7.0\include\gtest\gtest-printers.h">
      <Filter>Header Files</Filter>
    </ClInclude>
    <ClInclude Include="D:\Desktop\ツール各種\PhisicsEngine\bullet3-2.87\bullet3-2.87\test\gtest-1.7.0\include\gtest\gtest-spi.h">
      <Filter>Header Files</Filter>
    </ClInclude>
    <ClInclude Include="D:\Desktop\ツール各種\PhisicsEngine\bullet3-2.87\bullet3-2.87\test\gtest-1.7.0\include\gtest\gtest-test-part.h">
      <Filter>Header Files</Filter>
    </ClInclude>
    <ClInclude Include="D:\Desktop\ツール各種\PhisicsEngine\bullet3-2.87\bullet3-2.87\test\gtest-1.7.0\include\gtest\gtest-typed-test.h">
      <Filter>Header Files</Filter>
    </ClInclude>
    <ClInclude Include="D:\Desktop\ツール各種\PhisicsEngine\bullet3-2.87\bullet3-2.87\test\gtest-1.7.0\include\gtest\gtest.h">
      <Filter>Header Files</Filter>
    </ClInclude>
    <ClInclude Include="D:\Desktop\ツール各種\PhisicsEngine\bullet3-2.87\bullet3-2.87\test\gtest-1.7.0\include\gtest\gtest_pred_impl.h">
      <Filter>Header Files</Filter>
    </ClInclude>
    <ClInclude Include="D:\Desktop\ツール各種\PhisicsEngine\bullet3-2.87\bullet3-2.87\test\gtest-1.7.0\include\gtest\gtest_prod.h">
      <Filter>Header Files</Filter>
    </ClInclude>
    <ClInclude Include="D:\Desktop\ツール各種\PhisicsEngine\bullet3-2.87\bullet3-2.87\test\gtest-1.7.0\include\gtest\internal\gtest-death-test-internal.h">
      <Filter>Header Files</Filter>
    </ClInclude>
    <ClInclude Include="D:\Desktop\ツール各種\PhisicsEngine\bullet3-2.87\bullet3-2.87\test\gtest-1.7.0\include\gtest\internal\gtest-filepath.h">
      <Filter>Header Files</Filter>
    </ClInclude>
    <ClInclude Include="D:\Desktop\ツール各種\PhisicsEngine\bullet3-2.87\bullet3-2.87\test\gtest-1.7.0\include\gtest\internal\gtest-internal.h">
      <Filter>Header Files</Filter>
    </ClInclude>
    <ClInclude Include="D:\Desktop\ツール各種\PhisicsEngine\bullet3-2.87\bullet3-2.87\test\gtest-1.7.0\include\gtest\internal\gtest-linked_ptr.h">
      <Filter>Header Files</Filter>
    </ClInclude>
    <ClInclude Include="D:\Desktop\ツール各種\PhisicsEngine\bullet3-2.87\bullet3-2.87\test\gtest-1.7.0\include\gtest\internal\gtest-param-util-generated.h">
      <Filter>Header Files</Filter>
    </ClInclude>
    <ClInclude Include="D:\Desktop\ツール各種\PhisicsEngine\bullet3-2.87\bullet3-2.87\test\gtest-1.7.0\include\gtest\internal\gtest-param-util.h">
      <Filter>Header Files</Filter>
    </ClInclude>
    <ClInclude Include="D:\Desktop\ツール各種\PhisicsEngine\bullet3-2.87\bullet3-2.87\test\gtest-1.7.0\include\gtest\internal\gtest-port.h">
      <Filter>Header Files</Filter>
    </ClInclude>
    <ClInclude Include="D:\Desktop\ツール各種\PhisicsEngine\bullet3-2.87\bullet3-2.87\test\gtest-1.7.0\include\gtest\internal\gtest-string.h">
      <Filter>Header Files</Filter>
    </ClInclude>
    <ClInclude Include="D:\Desktop\ツール各種\PhisicsEngine\bullet3-2.87\bullet3-2.87\test\gtest-1.7.0\include\gtest\internal\gtest-tuple.h">
      <Filter>Header Files</Filter>
    </ClInclude>
    <ClInclude Include="D:\Desktop\ツール各種\PhisicsEngine\bullet3-2.87\bullet3-2.87\test\gtest-1.7.0\include\gtest\internal\gtest-type-util.h">
      <Filter>Header Files</Filter>
    </ClInclude>
    <ClInclude Include="D:\Desktop\ツール各種\PhisicsEngine\bullet3-2.87\bullet3-2.87\test\gtest-1.7.0\src\gtest-internal-inl.h">
      <Filter>Header Files</Filter>
    </ClInclude>
  </ItemGroup>
  <ItemGroup>
    <CustomBuild Include="D:\Desktop\ツール各種\PhisicsEngine\bullet3-2.87\bullet3-2.87\test\gtest-1.7.0\CMakeLists.txt" />
  </ItemGroup>
  <ItemGroup>
    <Filter Include="Source Files">
      <UniqueIdentifier>{968EA683-762B-340D-A581-16E601016BE0}</UniqueIdentifier>
    </Filter>
    <Filter Include="Header Files">
      <UniqueIdentifier>{B0073AD9-02F5-3EC1-A6A7-006F3B90835E}</UniqueIdentifier>
    </Filter>
  </ItemGroup>
</Project>
