Microsoft Visual Studio Solution File, Format Version 12.00
# Visual Studio 15
Project("{8BC9CEB8-8B4A-11D0-8D11-00A0C91BC942}") = "ALL_BUILD", "ALL_BUILD.vcxproj", "{BD71256D-E3EF-32C3-B2F4-1EB09A22D306}"
	ProjectSection(ProjectDependencies) = postProject
		{11A1DCC7-BFCD-3F28-AA62-F7A9D17E8AAB} = {11A1DCC7-BFCD-3F28-AA62-F7A9D17E8AAB}
		{3D06BA7F-015A-3D65-9CDA-1F2E3398A6E7} = {3D06BA7F-015A-3D65-9CDA-1F2E3398A6E7}
		{5B8EC4DE-699C-3127-B2A0-7A7C8D7FEA08} = {5B8EC4DE-699C-3127-B2A0-7A7C8D7FEA08}
		{9E796BE2-776C-37DC-A6A4-80B2C5379892} = {9E796BE2-776C-37DC-A6A4-80B2C5379892}
		{15854CDD-397F-3D43-811E-B84B2A020B2D} = {15854CDD-397F-3D43-811E-B84B2A020B2D}
		{375998B2-134F-3039-83D3-923451FF2EA4} = {375998B2-134F-3039-83D3-923451FF2EA4}
		{049DAC96-2136-3D4E-A637-04B6D400EFFB} = {049DAC96-2136-3D4E-A637-04B6D400EFFB}
		{C71A0C6C-152B-33D1-9E90-CD9AFCC9F254} = {C71A0C6C-152B-33D1-9E90-CD9AFCC9F254}
		{ADDC8558-00DB-3783-8F60-D73A4BABD4C0} = {ADDC8558-00DB-3783-8F60-D73A4BABD4C0}
		{A2004F3A-8FD7-324A-B9A9-009C65EC3DF2} = {A2004F3A-8FD7-324A-B9A9-009C65EC3DF2}
		{ACCB085C-143A-3F64-A436-B286FABD3ECF} = {ACCB085C-143A-3F64-A436-B286FABD3ECF}
		{B30FA693-8C50-3E39-8629-EB73D140A443} = {B30FA693-8C50-3E39-8629-EB73D140A443}
		{8F9E53B9-F8DB-3663-8208-810547F161BC} = {8F9E53B9-F8DB-3663-8208-810547F161BC}
		{E11061C6-56C8-3D7D-AB63-D7C371F562DA} = {E11061C6-56C8-3D7D-AB63-D7C371F562DA}
		{19C840BC-1DF8-35B2-B286-FA6855C0207D} = {19C840BC-1DF8-35B2-B286-FA6855C0207D}
		{04E6B17D-FA87-3C4A-8101-63141FA14451} = {04E6B17D-FA87-3C4A-8101-63141FA14451}
		{1E6CB0B3-9DEE-3376-83DB-9F695DDF5ADE} = {1E6CB0B3-9DEE-3376-83DB-9F695DDF5ADE}
		{D29BD9B1-0732-3D7D-8F5C-549E3C152939} = {D29BD9B1-0732-3D7D-8F5C-549E3C152939}
		{46D4EE31-8F04-330A-967A-88D6822BEB81} = {46D4EE31-8F04-330A-967A-88D6822BEB81}
		{A8CF9998-157D-39B8-B639-A5FA383A5ADD} = {A8CF9998-157D-39B8-B639-A5FA383A5ADD}
		{E3504DE4-97A5-3DF0-B488-E2B5FD2AC77D} = {E3504DE4-97A5-3DF0-B488-E2B5FD2AC77D}
		{08CBAEBA-0DCE-3F9D-9923-FEB0B4CE10B7} = {08CBAEBA-0DCE-3F9D-9923-FEB0B4CE10B7}
		{7BF0EB71-777C-3384-B786-37B2025FCAD3} = {7BF0EB71-777C-3384-B786-37B2025FCAD3}
		{8F327255-5A6A-3C90-9B69-DFBE8FEA9015} = {8F327255-5A6A-3C90-9B69-DFBE8FEA9015}
		{A4EAA1F5-E2BE-3EA3-9A80-58BB2374FDCA} = {A4EAA1F5-E2BE-3EA3-9A80-58BB2374FDCA}
		{3E20FED5-B148-3F18-864C-1D4DE2DC2ED4} = {3E20FED5-B148-3F18-864C-1D4DE2DC2ED4}
		{A87E4920-DDC2-3514-B310-71A83FDEC832} = {A87E4920-DDC2-3514-B310-71A83FDEC832}
		{D4901EC6-0ADA-37B8-AEA6-C71C3488FCF8} = {D4901EC6-0ADA-37B8-AEA6-C71C3488FCF8}
		{32748EDF-8CD9-3DE1-B76D-3DC1589BC94F} = {32748EDF-8CD9-3DE1-B76D-3DC1589BC94F}
		{709E3B58-071A-36B4-8E3B-B9AE3FD84E07} = {709E3B58-071A-36B4-8E3B-B9AE3FD84E07}
		{DE3876D6-A833-3E92-97AD-797A6EDB0050} = {DE3876D6-A833-3E92-97AD-797A6EDB0050}
		{1E20C54F-2AD4-3CB1-995D-28F3C0671DB8} = {1E20C54F-2AD4-3CB1-995D-28F3C0671DB8}
		{60E4C23E-D843-3CDD-83A0-395123FFFE86} = {60E4C23E-D843-3CDD-83A0-395123FFFE86}
		{65E46328-C13E-3EC3-8D93-9C32F1A44385} = {65E46328-C13E-3EC3-8D93-9C32F1A44385}
		{98F81D26-CD76-3886-AFBC-77E0B82A9450} = {98F81D26-CD76-3886-AFBC-77E0B82A9450}
		{72707977-7640-3F5F-907F-39BF7459306D} = {72707977-7640-3F5F-907F-39BF7459306D}
		{E1E29854-18F9-3054-B0A8-E8E44241624E} = {E1E29854-18F9-3054-B0A8-E8E44241624E}
		{8B25FF03-3C82-3F6F-B39E-CC99A5CFCA9D} = {8B25FF03-3C82-3F6F-B39E-CC99A5CFCA9D}
		{98112C79-E241-38A9-B4EA-C096D7AB5476} = {98112C79-E241-38A9-B4EA-C096D7AB5476}
		{ACEA0000-7501-3122-86B4-65BA0FD9B265} = {ACEA0000-7501-3122-86B4-65BA0FD9B265}
		{51634ACE-32DD-3277-9572-6158F3891D28} = {51634ACE-32DD-3277-9572-6158F3891D28}
		{DF971081-3A60-3369-BC64-175891293944} = {DF971081-3A60-3369-BC64-175891293944}
	EndProjectSection
EndProject
Project("{8BC9CEB8-8B4A-11D0-8D11-00A0C91BC942}") = "AppBasicExampleGui", "examples\BasicDemo\AppBasicExampleGui.vcxproj", "{11A1DCC7-BFCD-3F28-AA62-F7A9D17E8AAB}"
	ProjectSection(ProjectDependencies) = postProject
		{B30FA693-8C50-3E39-8629-EB73D140A443} = {B30FA693-8C50-3E39-8629-EB73D140A443}
		{04E6B17D-FA87-3C4A-8101-63141FA14451} = {04E6B17D-FA87-3C4A-8101-63141FA14451}
		{1E6CB0B3-9DEE-3376-83DB-9F695DDF5ADE} = {1E6CB0B3-9DEE-3376-83DB-9F695DDF5ADE}
		{709E3B58-071A-36B4-8E3B-B9AE3FD84E07} = {709E3B58-071A-36B4-8E3B-B9AE3FD84E07}
		{DE3876D6-A833-3E92-97AD-797A6EDB0050} = {DE3876D6-A833-3E92-97AD-797A6EDB0050}
		{98112C79-E241-38A9-B4EA-C096D7AB5476} = {98112C79-E241-38A9-B4EA-C096D7AB5476}
	EndProjectSection
EndProject
Project("{8BC9CEB8-8B4A-11D0-8D11-00A0C91BC942}") = "App_BasicExample", "examples\BasicDemo\App_BasicExample.vcxproj", "{3D06BA7F-015A-3D65-9CDA-1F2E3398A6E7}"
	ProjectSection(ProjectDependencies) = postProject
		{04E6B17D-FA87-3C4A-8101-63141FA14451} = {04E6B17D-FA87-3C4A-8101-63141FA14451}
		{1E6CB0B3-9DEE-3376-83DB-9F695DDF5ADE} = {1E6CB0B3-9DEE-3376-83DB-9F695DDF5ADE}
		{709E3B58-071A-36B4-8E3B-B9AE3FD84E07} = {709E3B58-071A-36B4-8E3B-B9AE3FD84E07}
		{98112C79-E241-38A9-B4EA-C096D7AB5476} = {98112C79-E241-38A9-B4EA-C096D7AB5476}
	EndProjectSection
EndProject
Project("{8BC9CEB8-8B4A-11D0-8D11-00A0C91BC942}") = "App_ExampleBrowser", "examples\ExampleBrowser\App_ExampleBrowser.vcxproj", "{5B8EC4DE-699C-3127-B2A0-7A7C8D7FEA08}"
	ProjectSection(ProjectDependencies) = postProject
		{B30FA693-8C50-3E39-8629-EB73D140A443} = {B30FA693-8C50-3E39-8629-EB73D140A443}
		{04E6B17D-FA87-3C4A-8101-63141FA14451} = {04E6B17D-FA87-3C4A-8101-63141FA14451}
		{1E6CB0B3-9DEE-3376-83DB-9F695DDF5ADE} = {1E6CB0B3-9DEE-3376-83DB-9F695DDF5ADE}
		{D29BD9B1-0732-3D7D-8F5C-549E3C152939} = {D29BD9B1-0732-3D7D-8F5C-549E3C152939}
		{A8CF9998-157D-39B8-B639-A5FA383A5ADD} = {A8CF9998-157D-39B8-B639-A5FA383A5ADD}
		{E3504DE4-97A5-3DF0-B488-E2B5FD2AC77D} = {E3504DE4-97A5-3DF0-B488-E2B5FD2AC77D}
		{7BF0EB71-777C-3384-B786-37B2025FCAD3} = {7BF0EB71-777C-3384-B786-37B2025FCAD3}
		{3E20FED5-B148-3F18-864C-1D4DE2DC2ED4} = {3E20FED5-B148-3F18-864C-1D4DE2DC2ED4}
		{709E3B58-071A-36B4-8E3B-B9AE3FD84E07} = {709E3B58-071A-36B4-8E3B-B9AE3FD84E07}
		{DE3876D6-A833-3E92-97AD-797A6EDB0050} = {DE3876D6-A833-3E92-97AD-797A6EDB0050}
		{98112C79-E241-38A9-B4EA-C096D7AB5476} = {98112C79-E241-38A9-B4EA-C096D7AB5476}
		{DF971081-3A60-3369-BC64-175891293944} = {DF971081-3A60-3369-BC64-175891293944}
	EndProjectSection
EndProject
Project("{8BC9CEB8-8B4A-11D0-8D11-00A0C91BC942}") = "App_HelloWorld", "examples\HelloWorld\App_HelloWorld.vcxproj", "{9E796BE2-776C-37DC-A6A4-80B2C5379892}"
	ProjectSection(ProjectDependencies) = postProject
		{04E6B17D-FA87-3C4A-8101-63141FA14451} = {04E6B17D-FA87-3C4A-8101-63141FA14451}
		{1E6CB0B3-9DEE-3376-83DB-9F695DDF5ADE} = {1E6CB0B3-9DEE-3376-83DB-9F695DDF5ADE}
		{709E3B58-071A-36B4-8E3B-B9AE3FD84E07} = {709E3B58-071A-36B4-8E3B-B9AE3FD84E07}
		{98112C79-E241-38A9-B4EA-C096D7AB5476} = {98112C79-E241-38A9-B4EA-C096D7AB5476}
	EndProjectSection
EndProject
Project("{8BC9CEB8-8B4A-11D0-8D11-00A0C91BC942}") = "App_PhysicsServer_SharedMemory", "examples\SharedMemory\App_PhysicsServer_SharedMemory.vcxproj", "{15854CDD-397F-3D43-811E-B84B2A020B2D}"
	ProjectSection(ProjectDependencies) = postProject
		{B30FA693-8C50-3E39-8629-EB73D140A443} = {B30FA693-8C50-3E39-8629-EB73D140A443}
		{04E6B17D-FA87-3C4A-8101-63141FA14451} = {04E6B17D-FA87-3C4A-8101-63141FA14451}
		{1E6CB0B3-9DEE-3376-83DB-9F695DDF5ADE} = {1E6CB0B3-9DEE-3376-83DB-9F695DDF5ADE}
		{46D4EE31-8F04-330A-967A-88D6822BEB81} = {46D4EE31-8F04-330A-967A-88D6822BEB81}
		{A8CF9998-157D-39B8-B639-A5FA383A5ADD} = {A8CF9998-157D-39B8-B639-A5FA383A5ADD}
		{E3504DE4-97A5-3DF0-B488-E2B5FD2AC77D} = {E3504DE4-97A5-3DF0-B488-E2B5FD2AC77D}
		{8F327255-5A6A-3C90-9B69-DFBE8FEA9015} = {8F327255-5A6A-3C90-9B69-DFBE8FEA9015}
		{3E20FED5-B148-3F18-864C-1D4DE2DC2ED4} = {3E20FED5-B148-3F18-864C-1D4DE2DC2ED4}
		{709E3B58-071A-36B4-8E3B-B9AE3FD84E07} = {709E3B58-071A-36B4-8E3B-B9AE3FD84E07}
		{98112C79-E241-38A9-B4EA-C096D7AB5476} = {98112C79-E241-38A9-B4EA-C096D7AB5476}
	EndProjectSection
EndProject
Project("{8BC9CEB8-8B4A-11D0-8D11-00A0C91BC942}") = "App_PhysicsServer_SharedMemory_GUI", "examples\SharedMemory\App_PhysicsServer_SharedMemory_GUI.vcxproj", "{375998B2-134F-3039-83D3-923451FF2EA4}"
	ProjectSection(ProjectDependencies) = postProject
		{B30FA693-8C50-3E39-8629-EB73D140A443} = {B30FA693-8C50-3E39-8629-EB73D140A443}
		{04E6B17D-FA87-3C4A-8101-63141FA14451} = {04E6B17D-FA87-3C4A-8101-63141FA14451}
		{1E6CB0B3-9DEE-3376-83DB-9F695DDF5ADE} = {1E6CB0B3-9DEE-3376-83DB-9F695DDF5ADE}
		{46D4EE31-8F04-330A-967A-88D6822BEB81} = {46D4EE31-8F04-330A-967A-88D6822BEB81}
		{A8CF9998-157D-39B8-B639-A5FA383A5ADD} = {A8CF9998-157D-39B8-B639-A5FA383A5ADD}
		{E3504DE4-97A5-3DF0-B488-E2B5FD2AC77D} = {E3504DE4-97A5-3DF0-B488-E2B5FD2AC77D}
		{8F327255-5A6A-3C90-9B69-DFBE8FEA9015} = {8F327255-5A6A-3C90-9B69-DFBE8FEA9015}
		{3E20FED5-B148-3F18-864C-1D4DE2DC2ED4} = {3E20FED5-B148-3F18-864C-1D4DE2DC2ED4}
		{709E3B58-071A-36B4-8E3B-B9AE3FD84E07} = {709E3B58-071A-36B4-8E3B-B9AE3FD84E07}
		{DE3876D6-A833-3E92-97AD-797A6EDB0050} = {DE3876D6-A833-3E92-97AD-797A6EDB0050}
		{98112C79-E241-38A9-B4EA-C096D7AB5476} = {98112C79-E241-38A9-B4EA-C096D7AB5476}
	EndProjectSection
EndProject
Project("{8BC9CEB8-8B4A-11D0-8D11-00A0C91BC942}") = "App_PhysicsServer_SharedMemory_VR", "examples\SharedMemory\App_PhysicsServer_SharedMemory_VR.vcxproj", "{049DAC96-2136-3D4E-A637-04B6D400EFFB}"
	ProjectSection(ProjectDependencies) = postProject
		{B30FA693-8C50-3E39-8629-EB73D140A443} = {B30FA693-8C50-3E39-8629-EB73D140A443}
		{04E6B17D-FA87-3C4A-8101-63141FA14451} = {04E6B17D-FA87-3C4A-8101-63141FA14451}
		{1E6CB0B3-9DEE-3376-83DB-9F695DDF5ADE} = {1E6CB0B3-9DEE-3376-83DB-9F695DDF5ADE}
		{46D4EE31-8F04-330A-967A-88D6822BEB81} = {46D4EE31-8F04-330A-967A-88D6822BEB81}
		{A8CF9998-157D-39B8-B639-A5FA383A5ADD} = {A8CF9998-157D-39B8-B639-A5FA383A5ADD}
		{E3504DE4-97A5-3DF0-B488-E2B5FD2AC77D} = {E3504DE4-97A5-3DF0-B488-E2B5FD2AC77D}
		{8F327255-5A6A-3C90-9B69-DFBE8FEA9015} = {8F327255-5A6A-3C90-9B69-DFBE8FEA9015}
		{3E20FED5-B148-3F18-864C-1D4DE2DC2ED4} = {3E20FED5-B148-3F18-864C-1D4DE2DC2ED4}
		{709E3B58-071A-36B4-8E3B-B9AE3FD84E07} = {709E3B58-071A-36B4-8E3B-B9AE3FD84E07}
		{DE3876D6-A833-3E92-97AD-797A6EDB0050} = {DE3876D6-A833-3E92-97AD-797A6EDB0050}
		{98112C79-E241-38A9-B4EA-C096D7AB5476} = {98112C79-E241-38A9-B4EA-C096D7AB5476}
	EndProjectSection
EndProject
Project("{8BC9CEB8-8B4A-11D0-8D11-00A0C91BC942}") = "App_RobotSimulator", "examples\RobotSimulator\App_RobotSimulator.vcxproj", "{C71A0C6C-152B-33D1-9E90-CD9AFCC9F254}"
	ProjectSection(ProjectDependencies) = postProject
		{B30FA693-8C50-3E39-8629-EB73D140A443} = {B30FA693-8C50-3E39-8629-EB73D140A443}
		{04E6B17D-FA87-3C4A-8101-63141FA14451} = {04E6B17D-FA87-3C4A-8101-63141FA14451}
		{1E6CB0B3-9DEE-3376-83DB-9F695DDF5ADE} = {1E6CB0B3-9DEE-3376-83DB-9F695DDF5ADE}
		{D29BD9B1-0732-3D7D-8F5C-549E3C152939} = {D29BD9B1-0732-3D7D-8F5C-549E3C152939}
		{46D4EE31-8F04-330A-967A-88D6822BEB81} = {46D4EE31-8F04-330A-967A-88D6822BEB81}
		{A8CF9998-157D-39B8-B639-A5FA383A5ADD} = {A8CF9998-157D-39B8-B639-A5FA383A5ADD}
		{E3504DE4-97A5-3DF0-B488-E2B5FD2AC77D} = {E3504DE4-97A5-3DF0-B488-E2B5FD2AC77D}
		{7BF0EB71-777C-3384-B786-37B2025FCAD3} = {7BF0EB71-777C-3384-B786-37B2025FCAD3}
		{8F327255-5A6A-3C90-9B69-DFBE8FEA9015} = {8F327255-5A6A-3C90-9B69-DFBE8FEA9015}
		{3E20FED5-B148-3F18-864C-1D4DE2DC2ED4} = {3E20FED5-B148-3F18-864C-1D4DE2DC2ED4}
		{709E3B58-071A-36B4-8E3B-B9AE3FD84E07} = {709E3B58-071A-36B4-8E3B-B9AE3FD84E07}
		{DE3876D6-A833-3E92-97AD-797A6EDB0050} = {DE3876D6-A833-3E92-97AD-797A6EDB0050}
		{98112C79-E241-38A9-B4EA-C096D7AB5476} = {98112C79-E241-38A9-B4EA-C096D7AB5476}
		{DF971081-3A60-3369-BC64-175891293944} = {DF971081-3A60-3369-BC64-175891293944}
	EndProjectSection
EndProject
Project("{8BC9CEB8-8B4A-11D0-8D11-00A0C91BC942}") = "App_obj2sdf", "Extras\obj2sdf\App_obj2sdf.vcxproj", "{ADDC8558-00DB-3783-8F60-D73A4BABD4C0}"
	ProjectSection(ProjectDependencies) = postProject
		{B30FA693-8C50-3E39-8629-EB73D140A443} = {B30FA693-8C50-3E39-8629-EB73D140A443}
		{98112C79-E241-38A9-B4EA-C096D7AB5476} = {98112C79-E241-38A9-B4EA-C096D7AB5476}
	EndProjectSection
EndProject
Project("{8BC9CEB8-8B4A-11D0-8D11-00A0C91BC942}") = "Bullet2FileLoader", "src\Bullet3Serialize\Bullet2FileLoader\Bullet2FileLoader.vcxproj", "{A2004F3A-8FD7-324A-B9A9-009C65EC3DF2}"
	ProjectSection(ProjectDependencies) = postProject
		{98112C79-E241-38A9-B4EA-C096D7AB5476} = {98112C79-E241-38A9-B4EA-C096D7AB5476}
	EndProjectSection
EndProject
Project("{8BC9CEB8-8B4A-11D0-8D11-00A0C91BC942}") = "Bullet3Collision", "src\Bullet3Collision\Bullet3Collision.vcxproj", "{ACCB085C-143A-3F64-A436-B286FABD3ECF}"
	ProjectSection(ProjectDependencies) = postProject
		{98112C79-E241-38A9-B4EA-C096D7AB5476} = {98112C79-E241-38A9-B4EA-C096D7AB5476}
	EndProjectSection
EndProject
Project("{8BC9CEB8-8B4A-11D0-8D11-00A0C91BC942}") = "Bullet3Common", "src\Bullet3Common\Bullet3Common.vcxproj", "{B30FA693-8C50-3E39-8629-EB73D140A443}"
	ProjectSection(ProjectDependencies) = postProject
		{98112C79-E241-38A9-B4EA-C096D7AB5476} = {98112C79-E241-38A9-B4EA-C096D7AB5476}
	EndProjectSection
EndProject
Project("{8BC9CEB8-8B4A-11D0-8D11-00A0C91BC942}") = "Bullet3Dynamics", "src\Bullet3Dynamics\Bullet3Dynamics.vcxproj", "{8F9E53B9-F8DB-3663-8208-810547F161BC}"
	ProjectSection(ProjectDependencies) = postProject
		{98112C79-E241-38A9-B4EA-C096D7AB5476} = {98112C79-E241-38A9-B4EA-C096D7AB5476}
	EndProjectSection
EndProject
Project("{8BC9CEB8-8B4A-11D0-8D11-00A0C91BC942}") = "Bullet3Geometry", "src\Bullet3Geometry\Bullet3Geometry.vcxproj", "{E11061C6-56C8-3D7D-AB63-D7C371F562DA}"
	ProjectSection(ProjectDependencies) = postProject
		{98112C79-E241-38A9-B4EA-C096D7AB5476} = {98112C79-E241-38A9-B4EA-C096D7AB5476}
	EndProjectSection
EndProject
Project("{8BC9CEB8-8B4A-11D0-8D11-00A0C91BC942}") = "Bullet3OpenCL_clew", "src\Bullet3OpenCL\Bullet3OpenCL_clew.vcxproj", "{19C840BC-1DF8-35B2-B286-FA6855C0207D}"
	ProjectSection(ProjectDependencies) = postProject
		{98112C79-E241-38A9-B4EA-C096D7AB5476} = {98112C79-E241-38A9-B4EA-C096D7AB5476}
	EndProjectSection
EndProject
Project("{8BC9CEB8-8B4A-11D0-8D11-00A0C91BC942}") = "BulletCollision", "src\BulletCollision\BulletCollision.vcxproj", "{04E6B17D-FA87-3C4A-8101-63141FA14451}"
	ProjectSection(ProjectDependencies) = postProject
		{98112C79-E241-38A9-B4EA-C096D7AB5476} = {98112C79-E241-38A9-B4EA-C096D7AB5476}
	EndProjectSection
EndProject
Project("{8BC9CEB8-8B4A-11D0-8D11-00A0C91BC942}") = "BulletDynamics", "src\BulletDynamics\BulletDynamics.vcxproj", "{1E6CB0B3-9DEE-3376-83DB-9F695DDF5ADE}"
	ProjectSection(ProjectDependencies) = postProject
		{98112C79-E241-38A9-B4EA-C096D7AB5476} = {98112C79-E241-38A9-B4EA-C096D7AB5476}
	EndProjectSection
EndProject
Project("{8BC9CEB8-8B4A-11D0-8D11-00A0C91BC942}") = "BulletExampleBrowserLib", "examples\ExampleBrowser\BulletExampleBrowserLib.vcxproj", "{D29BD9B1-0732-3D7D-8F5C-549E3C152939}"
	ProjectSection(ProjectDependencies) = postProject
		{98112C79-E241-38A9-B4EA-C096D7AB5476} = {98112C79-E241-38A9-B4EA-C096D7AB5476}
	EndProjectSection
EndProject
Project("{8BC9CEB8-8B4A-11D0-8D11-00A0C91BC942}") = "BulletFileLoader", "Extras\Serialize\BulletFileLoader\BulletFileLoader.vcxproj", "{46D4EE31-8F04-330A-967A-88D6822BEB81}"
	ProjectSection(ProjectDependencies) = postProject
		{98112C79-E241-38A9-B4EA-C096D7AB5476} = {98112C79-E241-38A9-B4EA-C096D7AB5476}
	EndProjectSection
EndProject
Project("{8BC9CEB8-8B4A-11D0-8D11-00A0C91BC942}") = "BulletInverseDynamics", "src\BulletInverseDynamics\BulletInverseDynamics.vcxproj", "{A8CF9998-157D-39B8-B639-A5FA383A5ADD}"
	ProjectSection(ProjectDependencies) = postProject
		{98112C79-E241-38A9-B4EA-C096D7AB5476} = {98112C79-E241-38A9-B4EA-C096D7AB5476}
	EndProjectSection
EndProject
Project("{8BC9CEB8-8B4A-11D0-8D11-00A0C91BC942}") = "BulletInverseDynamicsUtils", "Extras\InverseDynamics\BulletInverseDynamicsUtils.vcxproj", "{E3504DE4-97A5-3DF0-B488-E2B5FD2AC77D}"
	ProjectSection(ProjectDependencies) = postProject
		{98112C79-E241-38A9-B4EA-C096D7AB5476} = {98112C79-E241-38A9-B4EA-C096D7AB5476}
	EndProjectSection
EndProject
Project("{8BC9CEB8-8B4A-11D0-8D11-00A0C91BC942}") = "BulletRobotics", "Extras\BulletRobotics\BulletRobotics.vcxproj", "{08CBAEBA-0DCE-3F9D-9923-FEB0B4CE10B7}"
	ProjectSection(ProjectDependencies) = postProject
		{98112C79-E241-38A9-B4EA-C096D7AB5476} = {98112C79-E241-38A9-B4EA-C096D7AB5476}
	EndProjectSection
EndProject
Project("{8BC9CEB8-8B4A-11D0-8D11-00A0C91BC942}") = "BulletSoftBody", "src\BulletSoftBody\BulletSoftBody.vcxproj", "{7BF0EB71-777C-3384-B786-37B2025FCAD3}"
	ProjectSection(ProjectDependencies) = postProject
		{98112C79-E241-38A9-B4EA-C096D7AB5476} = {98112C79-E241-38A9-B4EA-C096D7AB5476}
	EndProjectSection
EndProject
Project("{8BC9CEB8-8B4A-11D0-8D11-00A0C91BC942}") = "BulletWorldImporter", "Extras\Serialize\BulletWorldImporter\BulletWorldImporter.vcxproj", "{8F327255-5A6A-3C90-9B69-DFBE8FEA9015}"
	ProjectSection(ProjectDependencies) = postProject
		{98112C79-E241-38A9-B4EA-C096D7AB5476} = {98112C79-E241-38A9-B4EA-C096D7AB5476}
	EndProjectSection
EndProject
Project("{8BC9CEB8-8B4A-11D0-8D11-00A0C91BC942}") = "BulletXmlWorldImporter", "Extras\Serialize\BulletXmlWorldImporter\BulletXmlWorldImporter.vcxproj", "{A4EAA1F5-E2BE-3EA3-9A80-58BB2374FDCA}"
	ProjectSection(ProjectDependencies) = postProject
		{98112C79-E241-38A9-B4EA-C096D7AB5476} = {98112C79-E241-38A9-B4EA-C096D7AB5476}
	EndProjectSection
EndProject
Project("{8BC9CEB8-8B4A-11D0-8D11-00A0C91BC942}") = "BussIK", "examples\ThirdPartyLibs\BussIK\BussIK.vcxproj", "{3E20FED5-B148-3F18-864C-1D4DE2DC2ED4}"
	ProjectSection(ProjectDependencies) = postProject
		{98112C79-E241-38A9-B4EA-C096D7AB5476} = {98112C79-E241-38A9-B4EA-C096D7AB5476}
	EndProjectSection
EndProject
Project("{8BC9CEB8-8B4A-11D0-8D11-00A0C91BC942}") = "ConvexDecomposition", "Extras\ConvexDecomposition\ConvexDecomposition.vcxproj", "{A87E4920-DDC2-3514-B310-71A83FDEC832}"
	ProjectSection(ProjectDependencies) = postProject
		{98112C79-E241-38A9-B4EA-C096D7AB5476} = {98112C79-E241-38A9-B4EA-C096D7AB5476}
	EndProjectSection
EndProject
Project("{8BC9CEB8-8B4A-11D0-8D11-00A0C91BC942}") = "GIMPACTUtils", "Extras\GIMPACTUtils\GIMPACTUtils.vcxproj", "{D4901EC6-0ADA-37B8-AEA6-C71C3488FCF8}"
	ProjectSection(ProjectDependencies) = postProject
		{98112C79-E241-38A9-B4EA-C096D7AB5476} = {98112C79-E241-38A9-B4EA-C096D7AB5476}
	EndProjectSection
EndProject
Project("{8BC9CEB8-8B4A-11D0-8D11-00A0C91BC942}") = "HACD", "Extras\HACD\HACD.vcxproj", "{32748EDF-8CD9-3DE1-B76D-3DC1589BC94F}"
	ProjectSection(ProjectDependencies) = postProject
		{98112C79-E241-38A9-B4EA-C096D7AB5476} = {98112C79-E241-38A9-B4EA-C096D7AB5476}
	EndProjectSection
EndProject
Project("{8BC9CEB8-8B4A-11D0-8D11-00A0C91BC942}") = "INSTALL", "INSTALL.vcxproj", "{B205CD09-4E5B-331E-99E9-477467295EFD}"
	ProjectSection(ProjectDependencies) = postProject
		{BD71256D-E3EF-32C3-B2F4-1EB09A22D306} = {BD71256D-E3EF-32C3-B2F4-1EB09A22D306}
		{98112C79-E241-38A9-B4EA-C096D7AB5476} = {98112C79-E241-38A9-B4EA-C096D7AB5476}
	EndProjectSection
EndProject
Project("{8BC9CEB8-8B4A-11D0-8D11-00A0C91BC942}") = "LinearMath", "src\LinearMath\LinearMath.vcxproj", "{709E3B58-071A-36B4-8E3B-B9AE3FD84E07}"
	ProjectSection(ProjectDependencies) = postProject
		{98112C79-E241-38A9-B4EA-C096D7AB5476} = {98112C79-E241-38A9-B4EA-C096D7AB5476}
	EndProjectSection
EndProject
Project("{8BC9CEB8-8B4A-11D0-8D11-00A0C91BC942}") = "OpenGLWindow", "examples\OpenGLWindow\OpenGLWindow.vcxproj", "{DE3876D6-A833-3E92-97AD-797A6EDB0050}"
	ProjectSection(ProjectDependencies) = postProject
		{98112C79-E241-38A9-B4EA-C096D7AB5476} = {98112C79-E241-38A9-B4EA-C096D7AB5476}
	EndProjectSection
EndProject
Project("{8BC9CEB8-8B4A-11D0-8D11-00A0C91BC942}") = "RUN_TESTS", "RUN_TESTS.vcxproj", "{A39F2CB2-9D2E-3A2F-B3B9-0A106FDECDB6}"
	ProjectSection(ProjectDependencies) = postProject
		{98112C79-E241-38A9-B4EA-C096D7AB5476} = {98112C79-E241-38A9-B4EA-C096D7AB5476}
	EndProjectSection
EndProject
Project("{8BC9CEB8-8B4A-11D0-8D11-00A0C91BC942}") = "Test_BulletDynamics", "test\BulletDynamics\pendulum\Test_BulletDynamics.vcxproj", "{1E20C54F-2AD4-3CB1-995D-28F3C0671DB8}"
	ProjectSection(ProjectDependencies) = postProject
		{04E6B17D-FA87-3C4A-8101-63141FA14451} = {04E6B17D-FA87-3C4A-8101-63141FA14451}
		{1E6CB0B3-9DEE-3376-83DB-9F695DDF5ADE} = {1E6CB0B3-9DEE-3376-83DB-9F695DDF5ADE}
		{709E3B58-071A-36B4-8E3B-B9AE3FD84E07} = {709E3B58-071A-36B4-8E3B-B9AE3FD84E07}
		{98112C79-E241-38A9-B4EA-C096D7AB5476} = {98112C79-E241-38A9-B4EA-C096D7AB5476}
		{51634ACE-32DD-3277-9572-6158F3891D28} = {51634ACE-32DD-3277-9572-6158F3891D28}
	EndProjectSection
EndProject
Project("{8BC9CEB8-8B4A-11D0-8D11-00A0C91BC942}") = "Test_BulletInverseDynamics", "test\InverseDynamics\Test_BulletInverseDynamics.vcxproj", "{60E4C23E-D843-3CDD-83A0-395123FFFE86}"
	ProjectSection(ProjectDependencies) = postProject
		{B30FA693-8C50-3E39-8629-EB73D140A443} = {B30FA693-8C50-3E39-8629-EB73D140A443}
		{04E6B17D-FA87-3C4A-8101-63141FA14451} = {04E6B17D-FA87-3C4A-8101-63141FA14451}
		{1E6CB0B3-9DEE-3376-83DB-9F695DDF5ADE} = {1E6CB0B3-9DEE-3376-83DB-9F695DDF5ADE}
		{A8CF9998-157D-39B8-B639-A5FA383A5ADD} = {A8CF9998-157D-39B8-B639-A5FA383A5ADD}
		{E3504DE4-97A5-3DF0-B488-E2B5FD2AC77D} = {E3504DE4-97A5-3DF0-B488-E2B5FD2AC77D}
		{709E3B58-071A-36B4-8E3B-B9AE3FD84E07} = {709E3B58-071A-36B4-8E3B-B9AE3FD84E07}
		{98112C79-E241-38A9-B4EA-C096D7AB5476} = {98112C79-E241-38A9-B4EA-C096D7AB5476}
		{51634ACE-32DD-3277-9572-6158F3891D28} = {51634ACE-32DD-3277-9572-6158F3891D28}
	EndProjectSection
EndProject
Project("{8BC9CEB8-8B4A-11D0-8D11-00A0C91BC942}") = "Test_BulletInverseDynamicsJacobian", "test\InverseDynamics\Test_BulletInverseDynamicsJacobian.vcxproj", "{65E46328-C13E-3EC3-8D93-9C32F1A44385}"
	ProjectSection(ProjectDependencies) = postProject
		{B30FA693-8C50-3E39-8629-EB73D140A443} = {B30FA693-8C50-3E39-8629-EB73D140A443}
		{A8CF9998-157D-39B8-B639-A5FA383A5ADD} = {A8CF9998-157D-39B8-B639-A5FA383A5ADD}
		{E3504DE4-97A5-3DF0-B488-E2B5FD2AC77D} = {E3504DE4-97A5-3DF0-B488-E2B5FD2AC77D}
		{709E3B58-071A-36B4-8E3B-B9AE3FD84E07} = {709E3B58-071A-36B4-8E3B-B9AE3FD84E07}
		{98112C79-E241-38A9-B4EA-C096D7AB5476} = {98112C79-E241-38A9-B4EA-C096D7AB5476}
		{51634ACE-32DD-3277-9572-6158F3891D28} = {51634ACE-32DD-3277-9572-6158F3891D28}
	EndProjectSection
EndProject
Project("{8BC9CEB8-8B4A-11D0-8D11-00A0C91BC942}") = "Test_BulletInverseForwardDynamics", "test\InverseDynamics\Test_BulletInverseForwardDynamics.vcxproj", "{98F81D26-CD76-3886-AFBC-77E0B82A9450}"
	ProjectSection(ProjectDependencies) = postProject
		{B30FA693-8C50-3E39-8629-EB73D140A443} = {B30FA693-8C50-3E39-8629-EB73D140A443}
		{04E6B17D-FA87-3C4A-8101-63141FA14451} = {04E6B17D-FA87-3C4A-8101-63141FA14451}
		{1E6CB0B3-9DEE-3376-83DB-9F695DDF5ADE} = {1E6CB0B3-9DEE-3376-83DB-9F695DDF5ADE}
		{A8CF9998-157D-39B8-B639-A5FA383A5ADD} = {A8CF9998-157D-39B8-B639-A5FA383A5ADD}
		{E3504DE4-97A5-3DF0-B488-E2B5FD2AC77D} = {E3504DE4-97A5-3DF0-B488-E2B5FD2AC77D}
		{709E3B58-071A-36B4-8E3B-B9AE3FD84E07} = {709E3B58-071A-36B4-8E3B-B9AE3FD84E07}
		{98112C79-E241-38A9-B4EA-C096D7AB5476} = {98112C79-E241-38A9-B4EA-C096D7AB5476}
		{51634ACE-32DD-3277-9572-6158F3891D28} = {51634ACE-32DD-3277-9572-6158F3891D28}
	EndProjectSection
EndProject
Project("{8BC9CEB8-8B4A-11D0-8D11-00A0C91BC942}") = "Test_Collision", "test\collision\Test_Collision.vcxproj", "{72707977-7640-3F5F-907F-39BF7459306D}"
	ProjectSection(ProjectDependencies) = postProject
		{709E3B58-071A-36B4-8E3B-B9AE3FD84E07} = {709E3B58-071A-36B4-8E3B-B9AE3FD84E07}
		{98112C79-E241-38A9-B4EA-C096D7AB5476} = {98112C79-E241-38A9-B4EA-C096D7AB5476}
		{51634ACE-32DD-3277-9572-6158F3891D28} = {51634ACE-32DD-3277-9572-6158F3891D28}
	EndProjectSection
EndProject
Project("{8BC9CEB8-8B4A-11D0-8D11-00A0C91BC942}") = "Test_PhysicsClientServer", "test\SharedMemory\Test_PhysicsClientServer.vcxproj", "{E1E29854-18F9-3054-B0A8-E8E44241624E}"
	ProjectSection(ProjectDependencies) = postProject
		{B30FA693-8C50-3E39-8629-EB73D140A443} = {B30FA693-8C50-3E39-8629-EB73D140A443}
		{04E6B17D-FA87-3C4A-8101-63141FA14451} = {04E6B17D-FA87-3C4A-8101-63141FA14451}
		{1E6CB0B3-9DEE-3376-83DB-9F695DDF5ADE} = {1E6CB0B3-9DEE-3376-83DB-9F695DDF5ADE}
		{46D4EE31-8F04-330A-967A-88D6822BEB81} = {46D4EE31-8F04-330A-967A-88D6822BEB81}
		{A8CF9998-157D-39B8-B639-A5FA383A5ADD} = {A8CF9998-157D-39B8-B639-A5FA383A5ADD}
		{E3504DE4-97A5-3DF0-B488-E2B5FD2AC77D} = {E3504DE4-97A5-3DF0-B488-E2B5FD2AC77D}
		{8F327255-5A6A-3C90-9B69-DFBE8FEA9015} = {8F327255-5A6A-3C90-9B69-DFBE8FEA9015}
		{3E20FED5-B148-3F18-864C-1D4DE2DC2ED4} = {3E20FED5-B148-3F18-864C-1D4DE2DC2ED4}
		{709E3B58-071A-36B4-8E3B-B9AE3FD84E07} = {709E3B58-071A-36B4-8E3B-B9AE3FD84E07}
		{98112C79-E241-38A9-B4EA-C096D7AB5476} = {98112C79-E241-38A9-B4EA-C096D7AB5476}
		{51634ACE-32DD-3277-9572-6158F3891D28} = {51634ACE-32DD-3277-9572-6158F3891D28}
	EndProjectSection
EndProject
Project("{8BC9CEB8-8B4A-11D0-8D11-00A0C91BC942}") = "Test_btKinematicCharacterController", "test\BulletDynamics\Test_btKinematicCharacterController.vcxproj", "{8B25FF03-3C82-3F6F-B39E-CC99A5CFCA9D}"
	ProjectSection(ProjectDependencies) = postProject
		{04E6B17D-FA87-3C4A-8101-63141FA14451} = {04E6B17D-FA87-3C4A-8101-63141FA14451}
		{1E6CB0B3-9DEE-3376-83DB-9F695DDF5ADE} = {1E6CB0B3-9DEE-3376-83DB-9F695DDF5ADE}
		{709E3B58-071A-36B4-8E3B-B9AE3FD84E07} = {709E3B58-071A-36B4-8E3B-B9AE3FD84E07}
		{98112C79-E241-38A9-B4EA-C096D7AB5476} = {98112C79-E241-38A9-B4EA-C096D7AB5476}
		{51634ACE-32DD-3277-9572-6158F3891D28} = {51634ACE-32DD-3277-9572-6158F3891D28}
	EndProjectSection
EndProject
Project("{8BC9CEB8-8B4A-11D0-8D11-00A0C91BC942}") = "ZERO_CHECK", "ZERO_CHECK.vcxproj", "{98112C79-E241-38A9-B4EA-C096D7AB5476}"
	ProjectSection(ProjectDependencies) = postProject
	EndProjectSection
EndProject
Project("{8BC9CEB8-8B4A-11D0-8D11-00A0C91BC942}") = "clsocket", "examples\ThirdPartyLibs\clsocket\clsocket.vcxproj", "{ACEA0000-7501-3122-86B4-65BA0FD9B265}"
	ProjectSection(ProjectDependencies) = postProject
		{98112C79-E241-38A9-B4EA-C096D7AB5476} = {98112C79-E241-38A9-B4EA-C096D7AB5476}
	EndProjectSection
EndProject
Project("{8BC9CEB8-8B4A-11D0-8D11-00A0C91BC942}") = "gtest", "test\gtest-1.7.0\gtest.vcxproj", "{51634ACE-32DD-3277-9572-6158F3891D28}"
	ProjectSection(ProjectDependencies) = postProject
		{98112C79-E241-38A9-B4EA-C096D7AB5476} = {98112C79-E241-38A9-B4EA-C096D7AB5476}
	EndProjectSection
EndProject
Project("{8BC9CEB8-8B4A-11D0-8D11-00A0C91BC942}") = "gwen", "examples\ThirdPartyLibs\Gwen\gwen.vcxproj", "{DF971081-3A60-3369-BC64-175891293944}"
	ProjectSection(ProjectDependencies) = postProject
		{98112C79-E241-38A9-B4EA-C096D7AB5476} = {98112C79-E241-38A9-B4EA-C096D7AB5476}
	EndProjectSection
EndProject
Global
	GlobalSection(SolutionConfigurationPlatforms) = preSolution
		Debug|Win32 = Debug|Win32
		Release|Win32 = Release|Win32
		MinSizeRel|Win32 = MinSizeRel|Win32
		RelWithDebInfo|Win32 = RelWithDebInfo|Win32
	EndGlobalSection
	GlobalSection(ProjectConfigurationPlatforms) = postSolution
		{BD71256D-E3EF-32C3-B2F4-1EB09A22D306}.Debug|Win32.ActiveCfg = Debug|Win32
		{BD71256D-E3EF-32C3-B2F4-1EB09A22D306}.Debug|Win32.Build.0 = Debug|Win32
		{BD71256D-E3EF-32C3-B2F4-1EB09A22D306}.Release|Win32.ActiveCfg = Release|Win32
		{BD71256D-E3EF-32C3-B2F4-1EB09A22D306}.Release|Win32.Build.0 = Release|Win32
		{BD71256D-E3EF-32C3-B2F4-1EB09A22D306}.MinSizeRel|Win32.ActiveCfg = MinSizeRel|Win32
		{BD71256D-E3EF-32C3-B2F4-1EB09A22D306}.MinSizeRel|Win32.Build.0 = MinSizeRel|Win32
		{BD71256D-E3EF-32C3-B2F4-1EB09A22D306}.RelWithDebInfo|Win32.ActiveCfg = RelWithDebInfo|Win32
		{BD71256D-E3EF-32C3-B2F4-1EB09A22D306}.RelWithDebInfo|Win32.Build.0 = RelWithDebInfo|Win32
		{11A1DCC7-BFCD-3F28-AA62-F7A9D17E8AAB}.Debug|Win32.ActiveCfg = Debug|Win32
		{11A1DCC7-BFCD-3F28-AA62-F7A9D17E8AAB}.Debug|Win32.Build.0 = Debug|Win32
		{11A1DCC7-BFCD-3F28-AA62-F7A9D17E8AAB}.Release|Win32.ActiveCfg = Release|Win32
		{11A1DCC7-BFCD-3F28-AA62-F7A9D17E8AAB}.Release|Win32.Build.0 = Release|Win32
		{11A1DCC7-BFCD-3F28-AA62-F7A9D17E8AAB}.MinSizeRel|Win32.ActiveCfg = MinSizeRel|Win32
		{11A1DCC7-BFCD-3F28-AA62-F7A9D17E8AAB}.MinSizeRel|Win32.Build.0 = MinSizeRel|Win32
		{11A1DCC7-BFCD-3F28-AA62-F7A9D17E8AAB}.RelWithDebInfo|Win32.ActiveCfg = RelWithDebInfo|Win32
		{11A1DCC7-BFCD-3F28-AA62-F7A9D17E8AAB}.RelWithDebInfo|Win32.Build.0 = RelWithDebInfo|Win32
		{3D06BA7F-015A-3D65-9CDA-1F2E3398A6E7}.Debug|Win32.ActiveCfg = Debug|Win32
		{3D06BA7F-015A-3D65-9CDA-1F2E3398A6E7}.Debug|Win32.Build.0 = Debug|Win32
		{3D06BA7F-015A-3D65-9CDA-1F2E3398A6E7}.Release|Win32.ActiveCfg = Release|Win32
		{3D06BA7F-015A-3D65-9CDA-1F2E3398A6E7}.Release|Win32.Build.0 = Release|Win32
		{3D06BA7F-015A-3D65-9CDA-1F2E3398A6E7}.MinSizeRel|Win32.ActiveCfg = MinSizeRel|Win32
		{3D06BA7F-015A-3D65-9CDA-1F2E3398A6E7}.MinSizeRel|Win32.Build.0 = MinSizeRel|Win32
		{3D06BA7F-015A-3D65-9CDA-1F2E3398A6E7}.RelWithDebInfo|Win32.ActiveCfg = RelWithDebInfo|Win32
		{3D06BA7F-015A-3D65-9CDA-1F2E3398A6E7}.RelWithDebInfo|Win32.Build.0 = RelWithDebInfo|Win32
		{5B8EC4DE-699C-3127-B2A0-7A7C8D7FEA08}.Debug|Win32.ActiveCfg = Debug|Win32
		{5B8EC4DE-699C-3127-B2A0-7A7C8D7FEA08}.Debug|Win32.Build.0 = Debug|Win32
		{5B8EC4DE-699C-3127-B2A0-7A7C8D7FEA08}.Release|Win32.ActiveCfg = Release|Win32
		{5B8EC4DE-699C-3127-B2A0-7A7C8D7FEA08}.Release|Win32.Build.0 = Release|Win32
		{5B8EC4DE-699C-3127-B2A0-7A7C8D7FEA08}.MinSizeRel|Win32.ActiveCfg = MinSizeRel|Win32
		{5B8EC4DE-699C-3127-B2A0-7A7C8D7FEA08}.MinSizeRel|Win32.Build.0 = MinSizeRel|Win32
		{5B8EC4DE-699C-3127-B2A0-7A7C8D7FEA08}.RelWithDebInfo|Win32.ActiveCfg = RelWithDebInfo|Win32
		{5B8EC4DE-699C-3127-B2A0-7A7C8D7FEA08}.RelWithDebInfo|Win32.Build.0 = RelWithDebInfo|Win32
		{9E796BE2-776C-37DC-A6A4-80B2C5379892}.Debug|Win32.ActiveCfg = Debug|Win32
		{9E796BE2-776C-37DC-A6A4-80B2C5379892}.Debug|Win32.Build.0 = Debug|Win32
		{9E796BE2-776C-37DC-A6A4-80B2C5379892}.Release|Win32.ActiveCfg = Release|Win32
		{9E796BE2-776C-37DC-A6A4-80B2C5379892}.Release|Win32.Build.0 = Release|Win32
		{9E796BE2-776C-37DC-A6A4-80B2C5379892}.MinSizeRel|Win32.ActiveCfg = MinSizeRel|Win32
		{9E796BE2-776C-37DC-A6A4-80B2C5379892}.MinSizeRel|Win32.Build.0 = MinSizeRel|Win32
		{9E796BE2-776C-37DC-A6A4-80B2C5379892}.RelWithDebInfo|Win32.ActiveCfg = RelWithDebInfo|Win32
		{9E796BE2-776C-37DC-A6A4-80B2C5379892}.RelWithDebInfo|Win32.Build.0 = RelWithDebInfo|Win32
		{15854CDD-397F-3D43-811E-B84B2A020B2D}.Debug|Win32.ActiveCfg = Debug|Win32
		{15854CDD-397F-3D43-811E-B84B2A020B2D}.Debug|Win32.Build.0 = Debug|Win32
		{15854CDD-397F-3D43-811E-B84B2A020B2D}.Release|Win32.ActiveCfg = Release|Win32
		{15854CDD-397F-3D43-811E-B84B2A020B2D}.Release|Win32.Build.0 = Release|Win32
		{15854CDD-397F-3D43-811E-B84B2A020B2D}.MinSizeRel|Win32.ActiveCfg = MinSizeRel|Win32
		{15854CDD-397F-3D43-811E-B84B2A020B2D}.MinSizeRel|Win32.Build.0 = MinSizeRel|Win32
		{15854CDD-397F-3D43-811E-B84B2A020B2D}.RelWithDebInfo|Win32.ActiveCfg = RelWithDebInfo|Win32
		{15854CDD-397F-3D43-811E-B84B2A020B2D}.RelWithDebInfo|Win32.Build.0 = RelWithDebInfo|Win32
		{375998B2-134F-3039-83D3-923451FF2EA4}.Debug|Win32.ActiveCfg = Debug|Win32
		{375998B2-134F-3039-83D3-923451FF2EA4}.Debug|Win32.Build.0 = Debug|Win32
		{375998B2-134F-3039-83D3-923451FF2EA4}.Release|Win32.ActiveCfg = Release|Win32
		{375998B2-134F-3039-83D3-923451FF2EA4}.Release|Win32.Build.0 = Release|Win32
		{375998B2-134F-3039-83D3-923451FF2EA4}.MinSizeRel|Win32.ActiveCfg = MinSizeRel|Win32
		{375998B2-134F-3039-83D3-923451FF2EA4}.MinSizeRel|Win32.Build.0 = MinSizeRel|Win32
		{375998B2-134F-3039-83D3-923451FF2EA4}.RelWithDebInfo|Win32.ActiveCfg = RelWithDebInfo|Win32
		{375998B2-134F-3039-83D3-923451FF2EA4}.RelWithDebInfo|Win32.Build.0 = RelWithDebInfo|Win32
		{049DAC96-2136-3D4E-A637-04B6D400EFFB}.Debug|Win32.ActiveCfg = Debug|Win32
		{049DAC96-2136-3D4E-A637-04B6D400EFFB}.Debug|Win32.Build.0 = Debug|Win32
		{049DAC96-2136-3D4E-A637-04B6D400EFFB}.Release|Win32.ActiveCfg = Release|Win32
		{049DAC96-2136-3D4E-A637-04B6D400EFFB}.Release|Win32.Build.0 = Release|Win32
		{049DAC96-2136-3D4E-A637-04B6D400EFFB}.MinSizeRel|Win32.ActiveCfg = MinSizeRel|Win32
		{049DAC96-2136-3D4E-A637-04B6D400EFFB}.MinSizeRel|Win32.Build.0 = MinSizeRel|Win32
		{049DAC96-2136-3D4E-A637-04B6D400EFFB}.RelWithDebInfo|Win32.ActiveCfg = RelWithDebInfo|Win32
		{049DAC96-2136-3D4E-A637-04B6D400EFFB}.RelWithDebInfo|Win32.Build.0 = RelWithDebInfo|Win32
		{C71A0C6C-152B-33D1-9E90-CD9AFCC9F254}.Debug|Win32.ActiveCfg = Debug|Win32
		{C71A0C6C-152B-33D1-9E90-CD9AFCC9F254}.Debug|Win32.Build.0 = Debug|Win32
		{C71A0C6C-152B-33D1-9E90-CD9AFCC9F254}.Release|Win32.ActiveCfg = Release|Win32
		{C71A0C6C-152B-33D1-9E90-CD9AFCC9F254}.Release|Win32.Build.0 = Release|Win32
		{C71A0C6C-152B-33D1-9E90-CD9AFCC9F254}.MinSizeRel|Win32.ActiveCfg = MinSizeRel|Win32
		{C71A0C6C-152B-33D1-9E90-CD9AFCC9F254}.MinSizeRel|Win32.Build.0 = MinSizeRel|Win32
		{C71A0C6C-152B-33D1-9E90-CD9AFCC9F254}.RelWithDebInfo|Win32.ActiveCfg = RelWithDebInfo|Win32
		{C71A0C6C-152B-33D1-9E90-CD9AFCC9F254}.RelWithDebInfo|Win32.Build.0 = RelWithDebInfo|Win32
		{ADDC8558-00DB-3783-8F60-D73A4BABD4C0}.Debug|Win32.ActiveCfg = Debug|Win32
		{ADDC8558-00DB-3783-8F60-D73A4BABD4C0}.Debug|Win32.Build.0 = Debug|Win32
		{ADDC8558-00DB-3783-8F60-D73A4BABD4C0}.Release|Win32.ActiveCfg = Release|Win32
		{ADDC8558-00DB-3783-8F60-D73A4BABD4C0}.Release|Win32.Build.0 = Release|Win32
		{ADDC8558-00DB-3783-8F60-D73A4BABD4C0}.MinSizeRel|Win32.ActiveCfg = MinSizeRel|Win32
		{ADDC8558-00DB-3783-8F60-D73A4BABD4C0}.MinSizeRel|Win32.Build.0 = MinSizeRel|Win32
		{ADDC8558-00DB-3783-8F60-D73A4BABD4C0}.RelWithDebInfo|Win32.ActiveCfg = RelWithDebInfo|Win32
		{ADDC8558-00DB-3783-8F60-D73A4BABD4C0}.RelWithDebInfo|Win32.Build.0 = RelWithDebInfo|Win32
		{A2004F3A-8FD7-324A-B9A9-009C65EC3DF2}.Debug|Win32.ActiveCfg = Debug|Win32
		{A2004F3A-8FD7-324A-B9A9-009C65EC3DF2}.Debug|Win32.Build.0 = Debug|Win32
		{A2004F3A-8FD7-324A-B9A9-009C65EC3DF2}.Release|Win32.ActiveCfg = Release|Win32
		{A2004F3A-8FD7-324A-B9A9-009C65EC3DF2}.Release|Win32.Build.0 = Release|Win32
		{A2004F3A-8FD7-324A-B9A9-009C65EC3DF2}.MinSizeRel|Win32.ActiveCfg = MinSizeRel|Win32
		{A2004F3A-8FD7-324A-B9A9-009C65EC3DF2}.MinSizeRel|Win32.Build.0 = MinSizeRel|Win32
		{A2004F3A-8FD7-324A-B9A9-009C65EC3DF2}.RelWithDebInfo|Win32.ActiveCfg = RelWithDebInfo|Win32
		{A2004F3A-8FD7-324A-B9A9-009C65EC3DF2}.RelWithDebInfo|Win32.Build.0 = RelWithDebInfo|Win32
		{ACCB085C-143A-3F64-A436-B286FABD3ECF}.Debug|Win32.ActiveCfg = Debug|Win32
		{ACCB085C-143A-3F64-A436-B286FABD3ECF}.Debug|Win32.Build.0 = Debug|Win32
		{ACCB085C-143A-3F64-A436-B286FABD3ECF}.Release|Win32.ActiveCfg = Release|Win32
		{ACCB085C-143A-3F64-A436-B286FABD3ECF}.Release|Win32.Build.0 = Release|Win32
		{ACCB085C-143A-3F64-A436-B286FABD3ECF}.MinSizeRel|Win32.ActiveCfg = MinSizeRel|Win32
		{ACCB085C-143A-3F64-A436-B286FABD3ECF}.MinSizeRel|Win32.Build.0 = MinSizeRel|Win32
		{ACCB085C-143A-3F64-A436-B286FABD3ECF}.RelWithDebInfo|Win32.ActiveCfg = RelWithDebInfo|Win32
		{ACCB085C-143A-3F64-A436-B286FABD3ECF}.RelWithDebInfo|Win32.Build.0 = RelWithDebInfo|Win32
		{B30FA693-8C50-3E39-8629-EB73D140A443}.Debug|Win32.ActiveCfg = Debug|Win32
		{B30FA693-8C50-3E39-8629-EB73D140A443}.Debug|Win32.Build.0 = Debug|Win32
		{B30FA693-8C50-3E39-8629-EB73D140A443}.Release|Win32.ActiveCfg = Release|Win32
		{B30FA693-8C50-3E39-8629-EB73D140A443}.Release|Win32.Build.0 = Release|Win32
		{B30FA693-8C50-3E39-8629-EB73D140A443}.MinSizeRel|Win32.ActiveCfg = MinSizeRel|Win32
		{B30FA693-8C50-3E39-8629-EB73D140A443}.MinSizeRel|Win32.Build.0 = MinSizeRel|Win32
		{B30FA693-8C50-3E39-8629-EB73D140A443}.RelWithDebInfo|Win32.ActiveCfg = RelWithDebInfo|Win32
		{B30FA693-8C50-3E39-8629-EB73D140A443}.RelWithDebInfo|Win32.Build.0 = RelWithDebInfo|Win32
		{8F9E53B9-F8DB-3663-8208-810547F161BC}.Debug|Win32.ActiveCfg = Debug|Win32
		{8F9E53B9-F8DB-3663-8208-810547F161BC}.Debug|Win32.Build.0 = Debug|Win32
		{8F9E53B9-F8DB-3663-8208-810547F161BC}.Release|Win32.ActiveCfg = Release|Win32
		{8F9E53B9-F8DB-3663-8208-810547F161BC}.Release|Win32.Build.0 = Release|Win32
		{8F9E53B9-F8DB-3663-8208-810547F161BC}.MinSizeRel|Win32.ActiveCfg = MinSizeRel|Win32
		{8F9E53B9-F8DB-3663-8208-810547F161BC}.MinSizeRel|Win32.Build.0 = MinSizeRel|Win32
		{8F9E53B9-F8DB-3663-8208-810547F161BC}.RelWithDebInfo|Win32.ActiveCfg = RelWithDebInfo|Win32
		{8F9E53B9-F8DB-3663-8208-810547F161BC}.RelWithDebInfo|Win32.Build.0 = RelWithDebInfo|Win32
		{E11061C6-56C8-3D7D-AB63-D7C371F562DA}.Debug|Win32.ActiveCfg = Debug|Win32
		{E11061C6-56C8-3D7D-AB63-D7C371F562DA}.Debug|Win32.Build.0 = Debug|Win32
		{E11061C6-56C8-3D7D-AB63-D7C371F562DA}.Release|Win32.ActiveCfg = Release|Win32
		{E11061C6-56C8-3D7D-AB63-D7C371F562DA}.Release|Win32.Build.0 = Release|Win32
		{E11061C6-56C8-3D7D-AB63-D7C371F562DA}.MinSizeRel|Win32.ActiveCfg = MinSizeRel|Win32
		{E11061C6-56C8-3D7D-AB63-D7C371F562DA}.MinSizeRel|Win32.Build.0 = MinSizeRel|Win32
		{E11061C6-56C8-3D7D-AB63-D7C371F562DA}.RelWithDebInfo|Win32.ActiveCfg = RelWithDebInfo|Win32
		{E11061C6-56C8-3D7D-AB63-D7C371F562DA}.RelWithDebInfo|Win32.Build.0 = RelWithDebInfo|Win32
		{19C840BC-1DF8-35B2-B286-FA6855C0207D}.Debug|Win32.ActiveCfg = Debug|Win32
		{19C840BC-1DF8-35B2-B286-FA6855C0207D}.Debug|Win32.Build.0 = Debug|Win32
		{19C840BC-1DF8-35B2-B286-FA6855C0207D}.Release|Win32.ActiveCfg = Release|Win32
		{19C840BC-1DF8-35B2-B286-FA6855C0207D}.Release|Win32.Build.0 = Release|Win32
		{19C840BC-1DF8-35B2-B286-FA6855C0207D}.MinSizeRel|Win32.ActiveCfg = MinSizeRel|Win32
		{19C840BC-1DF8-35B2-B286-FA6855C0207D}.MinSizeRel|Win32.Build.0 = MinSizeRel|Win32
		{19C840BC-1DF8-35B2-B286-FA6855C0207D}.RelWithDebInfo|Win32.ActiveCfg = RelWithDebInfo|Win32
		{19C840BC-1DF8-35B2-B286-FA6855C0207D}.RelWithDebInfo|Win32.Build.0 = RelWithDebInfo|Win32
		{04E6B17D-FA87-3C4A-8101-63141FA14451}.Debug|Win32.ActiveCfg = Debug|Win32
		{04E6B17D-FA87-3C4A-8101-63141FA14451}.Debug|Win32.Build.0 = Debug|Win32
		{04E6B17D-FA87-3C4A-8101-63141FA14451}.Release|Win32.ActiveCfg = Release|Win32
		{04E6B17D-FA87-3C4A-8101-63141FA14451}.Release|Win32.Build.0 = Release|Win32
		{04E6B17D-FA87-3C4A-8101-63141FA14451}.MinSizeRel|Win32.ActiveCfg = MinSizeRel|Win32
		{04E6B17D-FA87-3C4A-8101-63141FA14451}.MinSizeRel|Win32.Build.0 = MinSizeRel|Win32
		{04E6B17D-FA87-3C4A-8101-63141FA14451}.RelWithDebInfo|Win32.ActiveCfg = RelWithDebInfo|Win32
		{04E6B17D-FA87-3C4A-8101-63141FA14451}.RelWithDebInfo|Win32.Build.0 = RelWithDebInfo|Win32
		{1E6CB0B3-9DEE-3376-83DB-9F695DDF5ADE}.Debug|Win32.ActiveCfg = Debug|Win32
		{1E6CB0B3-9DEE-3376-83DB-9F695DDF5ADE}.Debug|Win32.Build.0 = Debug|Win32
		{1E6CB0B3-9DEE-3376-83DB-9F695DDF5ADE}.Release|Win32.ActiveCfg = Release|Win32
		{1E6CB0B3-9DEE-3376-83DB-9F695DDF5ADE}.Release|Win32.Build.0 = Release|Win32
		{1E6CB0B3-9DEE-3376-83DB-9F695DDF5ADE}.MinSizeRel|Win32.ActiveCfg = MinSizeRel|Win32
		{1E6CB0B3-9DEE-3376-83DB-9F695DDF5ADE}.MinSizeRel|Win32.Build.0 = MinSizeRel|Win32
		{1E6CB0B3-9DEE-3376-83DB-9F695DDF5ADE}.RelWithDebInfo|Win32.ActiveCfg = RelWithDebInfo|Win32
		{1E6CB0B3-9DEE-3376-83DB-9F695DDF5ADE}.RelWithDebInfo|Win32.Build.0 = RelWithDebInfo|Win32
		{D29BD9B1-0732-3D7D-8F5C-549E3C152939}.Debug|Win32.ActiveCfg = Debug|Win32
		{D29BD9B1-0732-3D7D-8F5C-549E3C152939}.Debug|Win32.Build.0 = Debug|Win32
		{D29BD9B1-0732-3D7D-8F5C-549E3C152939}.Release|Win32.ActiveCfg = Release|Win32
		{D29BD9B1-0732-3D7D-8F5C-549E3C152939}.Release|Win32.Build.0 = Release|Win32
		{D29BD9B1-0732-3D7D-8F5C-549E3C152939}.MinSizeRel|Win32.ActiveCfg = MinSizeRel|Win32
		{D29BD9B1-0732-3D7D-8F5C-549E3C152939}.MinSizeRel|Win32.Build.0 = MinSizeRel|Win32
		{D29BD9B1-0732-3D7D-8F5C-549E3C152939}.RelWithDebInfo|Win32.ActiveCfg = RelWithDebInfo|Win32
		{D29BD9B1-0732-3D7D-8F5C-549E3C152939}.RelWithDebInfo|Win32.Build.0 = RelWithDebInfo|Win32
		{46D4EE31-8F04-330A-967A-88D6822BEB81}.Debug|Win32.ActiveCfg = Debug|Win32
		{46D4EE31-8F04-330A-967A-88D6822BEB81}.Debug|Win32.Build.0 = Debug|Win32
		{46D4EE31-8F04-330A-967A-88D6822BEB81}.Release|Win32.ActiveCfg = Release|Win32
		{46D4EE31-8F04-330A-967A-88D6822BEB81}.Release|Win32.Build.0 = Release|Win32
		{46D4EE31-8F04-330A-967A-88D6822BEB81}.MinSizeRel|Win32.ActiveCfg = MinSizeRel|Win32
		{46D4EE31-8F04-330A-967A-88D6822BEB81}.MinSizeRel|Win32.Build.0 = MinSizeRel|Win32
		{46D4EE31-8F04-330A-967A-88D6822BEB81}.RelWithDebInfo|Win32.ActiveCfg = RelWithDebInfo|Win32
		{46D4EE31-8F04-330A-967A-88D6822BEB81}.RelWithDebInfo|Win32.Build.0 = RelWithDebInfo|Win32
		{A8CF9998-157D-39B8-B639-A5FA383A5ADD}.Debug|Win32.ActiveCfg = Debug|Win32
		{A8CF9998-157D-39B8-B639-A5FA383A5ADD}.Debug|Win32.Build.0 = Debug|Win32
		{A8CF9998-157D-39B8-B639-A5FA383A5ADD}.Release|Win32.ActiveCfg = Release|Win32
		{A8CF9998-157D-39B8-B639-A5FA383A5ADD}.Release|Win32.Build.0 = Release|Win32
		{A8CF9998-157D-39B8-B639-A5FA383A5ADD}.MinSizeRel|Win32.ActiveCfg = MinSizeRel|Win32
		{A8CF9998-157D-39B8-B639-A5FA383A5ADD}.MinSizeRel|Win32.Build.0 = MinSizeRel|Win32
		{A8CF9998-157D-39B8-B639-A5FA383A5ADD}.RelWithDebInfo|Win32.ActiveCfg = RelWithDebInfo|Win32
		{A8CF9998-157D-39B8-B639-A5FA383A5ADD}.RelWithDebInfo|Win32.Build.0 = RelWithDebInfo|Win32
		{E3504DE4-97A5-3DF0-B488-E2B5FD2AC77D}.Debug|Win32.ActiveCfg = Debug|Win32
		{E3504DE4-97A5-3DF0-B488-E2B5FD2AC77D}.Debug|Win32.Build.0 = Debug|Win32
		{E3504DE4-97A5-3DF0-B488-E2B5FD2AC77D}.Release|Win32.ActiveCfg = Release|Win32
		{E3504DE4-97A5-3DF0-B488-E2B5FD2AC77D}.Release|Win32.Build.0 = Release|Win32
		{E3504DE4-97A5-3DF0-B488-E2B5FD2AC77D}.MinSizeRel|Win32.ActiveCfg = MinSizeRel|Win32
		{E3504DE4-97A5-3DF0-B488-E2B5FD2AC77D}.MinSizeRel|Win32.Build.0 = MinSizeRel|Win32
		{E3504DE4-97A5-3DF0-B488-E2B5FD2AC77D}.RelWithDebInfo|Win32.ActiveCfg = RelWithDebInfo|Win32
		{E3504DE4-97A5-3DF0-B488-E2B5FD2AC77D}.RelWithDebInfo|Win32.Build.0 = RelWithDebInfo|Win32
		{08CBAEBA-0DCE-3F9D-9923-FEB0B4CE10B7}.Debug|Win32.ActiveCfg = Debug|Win32
		{08CBAEBA-0DCE-3F9D-9923-FEB0B4CE10B7}.Debug|Win32.Build.0 = Debug|Win32
		{08CBAEBA-0DCE-3F9D-9923-FEB0B4CE10B7}.Release|Win32.ActiveCfg = Release|Win32
		{08CBAEBA-0DCE-3F9D-9923-FEB0B4CE10B7}.Release|Win32.Build.0 = Release|Win32
		{08CBAEBA-0DCE-3F9D-9923-FEB0B4CE10B7}.MinSizeRel|Win32.ActiveCfg = MinSizeRel|Win32
		{08CBAEBA-0DCE-3F9D-9923-FEB0B4CE10B7}.MinSizeRel|Win32.Build.0 = MinSizeRel|Win32
		{08CBAEBA-0DCE-3F9D-9923-FEB0B4CE10B7}.RelWithDebInfo|Win32.ActiveCfg = RelWithDebInfo|Win32
		{08CBAEBA-0DCE-3F9D-9923-FEB0B4CE10B7}.RelWithDebInfo|Win32.Build.0 = RelWithDebInfo|Win32
		{7BF0EB71-777C-3384-B786-37B2025FCAD3}.Debug|Win32.ActiveCfg = Debug|Win32
		{7BF0EB71-777C-3384-B786-37B2025FCAD3}.Debug|Win32.Build.0 = Debug|Win32
		{7BF0EB71-777C-3384-B786-37B2025FCAD3}.Release|Win32.ActiveCfg = Release|Win32
		{7BF0EB71-777C-3384-B786-37B2025FCAD3}.Release|Win32.Build.0 = Release|Win32
		{7BF0EB71-777C-3384-B786-37B2025FCAD3}.MinSizeRel|Win32.ActiveCfg = MinSizeRel|Win32
		{7BF0EB71-777C-3384-B786-37B2025FCAD3}.MinSizeRel|Win32.Build.0 = MinSizeRel|Win32
		{7BF0EB71-777C-3384-B786-37B2025FCAD3}.RelWithDebInfo|Win32.ActiveCfg = RelWithDebInfo|Win32
		{7BF0EB71-777C-3384-B786-37B2025FCAD3}.RelWithDebInfo|Win32.Build.0 = RelWithDebInfo|Win32
		{8F327255-5A6A-3C90-9B69-DFBE8FEA9015}.Debug|Win32.ActiveCfg = Debug|Win32
		{8F327255-5A6A-3C90-9B69-DFBE8FEA9015}.Debug|Win32.Build.0 = Debug|Win32
		{8F327255-5A6A-3C90-9B69-DFBE8FEA9015}.Release|Win32.ActiveCfg = Release|Win32
		{8F327255-5A6A-3C90-9B69-DFBE8FEA9015}.Release|Win32.Build.0 = Release|Win32
		{8F327255-5A6A-3C90-9B69-DFBE8FEA9015}.MinSizeRel|Win32.ActiveCfg = MinSizeRel|Win32
		{8F327255-5A6A-3C90-9B69-DFBE8FEA9015}.MinSizeRel|Win32.Build.0 = MinSizeRel|Win32
		{8F327255-5A6A-3C90-9B69-DFBE8FEA9015}.RelWithDebInfo|Win32.ActiveCfg = RelWithDebInfo|Win32
		{8F327255-5A6A-3C90-9B69-DFBE8FEA9015}.RelWithDebInfo|Win32.Build.0 = RelWithDebInfo|Win32
		{A4EAA1F5-E2BE-3EA3-9A80-58BB2374FDCA}.Debug|Win32.ActiveCfg = Debug|Win32
		{A4EAA1F5-E2BE-3EA3-9A80-58BB2374FDCA}.Debug|Win32.Build.0 = Debug|Win32
		{A4EAA1F5-E2BE-3EA3-9A80-58BB2374FDCA}.Release|Win32.ActiveCfg = Release|Win32
		{A4EAA1F5-E2BE-3EA3-9A80-58BB2374FDCA}.Release|Win32.Build.0 = Release|Win32
		{A4EAA1F5-E2BE-3EA3-9A80-58BB2374FDCA}.MinSizeRel|Win32.ActiveCfg = MinSizeRel|Win32
		{A4EAA1F5-E2BE-3EA3-9A80-58BB2374FDCA}.MinSizeRel|Win32.Build.0 = MinSizeRel|Win32
		{A4EAA1F5-E2BE-3EA3-9A80-58BB2374FDCA}.RelWithDebInfo|Win32.ActiveCfg = RelWithDebInfo|Win32
		{A4EAA1F5-E2BE-3EA3-9A80-58BB2374FDCA}.RelWithDebInfo|Win32.Build.0 = RelWithDebInfo|Win32
		{3E20FED5-B148-3F18-864C-1D4DE2DC2ED4}.Debug|Win32.ActiveCfg = Debug|Win32
		{3E20FED5-B148-3F18-864C-1D4DE2DC2ED4}.Debug|Win32.Build.0 = Debug|Win32
		{3E20FED5-B148-3F18-864C-1D4DE2DC2ED4}.Release|Win32.ActiveCfg = Release|Win32
		{3E20FED5-B148-3F18-864C-1D4DE2DC2ED4}.Release|Win32.Build.0 = Release|Win32
		{3E20FED5-B148-3F18-864C-1D4DE2DC2ED4}.MinSizeRel|Win32.ActiveCfg = MinSizeRel|Win32
		{3E20FED5-B148-3F18-864C-1D4DE2DC2ED4}.MinSizeRel|Win32.Build.0 = MinSizeRel|Win32
		{3E20FED5-B148-3F18-864C-1D4DE2DC2ED4}.RelWithDebInfo|Win32.ActiveCfg = RelWithDebInfo|Win32
		{3E20FED5-B148-3F18-864C-1D4DE2DC2ED4}.RelWithDebInfo|Win32.Build.0 = RelWithDebInfo|Win32
		{A87E4920-DDC2-3514-B310-71A83FDEC832}.Debug|Win32.ActiveCfg = Debug|Win32
		{A87E4920-DDC2-3514-B310-71A83FDEC832}.Debug|Win32.Build.0 = Debug|Win32
		{A87E4920-DDC2-3514-B310-71A83FDEC832}.Release|Win32.ActiveCfg = Release|Win32
		{A87E4920-DDC2-3514-B310-71A83FDEC832}.Release|Win32.Build.0 = Release|Win32
		{A87E4920-DDC2-3514-B310-71A83FDEC832}.MinSizeRel|Win32.ActiveCfg = MinSizeRel|Win32
		{A87E4920-DDC2-3514-B310-71A83FDEC832}.MinSizeRel|Win32.Build.0 = MinSizeRel|Win32
		{A87E4920-DDC2-3514-B310-71A83FDEC832}.RelWithDebInfo|Win32.ActiveCfg = RelWithDebInfo|Win32
		{A87E4920-DDC2-3514-B310-71A83FDEC832}.RelWithDebInfo|Win32.Build.0 = RelWithDebInfo|Win32
		{D4901EC6-0ADA-37B8-AEA6-C71C3488FCF8}.Debug|Win32.ActiveCfg = Debug|Win32
		{D4901EC6-0ADA-37B8-AEA6-C71C3488FCF8}.Debug|Win32.Build.0 = Debug|Win32
		{D4901EC6-0ADA-37B8-AEA6-C71C3488FCF8}.Release|Win32.ActiveCfg = Release|Win32
		{D4901EC6-0ADA-37B8-AEA6-C71C3488FCF8}.Release|Win32.Build.0 = Release|Win32
		{D4901EC6-0ADA-37B8-AEA6-C71C3488FCF8}.MinSizeRel|Win32.ActiveCfg = MinSizeRel|Win32
		{D4901EC6-0ADA-37B8-AEA6-C71C3488FCF8}.MinSizeRel|Win32.Build.0 = MinSizeRel|Win32
		{D4901EC6-0ADA-37B8-AEA6-C71C3488FCF8}.RelWithDebInfo|Win32.ActiveCfg = RelWithDebInfo|Win32
		{D4901EC6-0ADA-37B8-AEA6-C71C3488FCF8}.RelWithDebInfo|Win32.Build.0 = RelWithDebInfo|Win32
		{32748EDF-8CD9-3DE1-B76D-3DC1589BC94F}.Debug|Win32.ActiveCfg = Debug|Win32
		{32748EDF-8CD9-3DE1-B76D-3DC1589BC94F}.Debug|Win32.Build.0 = Debug|Win32
		{32748EDF-8CD9-3DE1-B76D-3DC1589BC94F}.Release|Win32.ActiveCfg = Release|Win32
		{32748EDF-8CD9-3DE1-B76D-3DC1589BC94F}.Release|Win32.Build.0 = Release|Win32
		{32748EDF-8CD9-3DE1-B76D-3DC1589BC94F}.MinSizeRel|Win32.ActiveCfg = MinSizeRel|Win32
		{32748EDF-8CD9-3DE1-B76D-3DC1589BC94F}.MinSizeRel|Win32.Build.0 = MinSizeRel|Win32
		{32748EDF-8CD9-3DE1-B76D-3DC1589BC94F}.RelWithDebInfo|Win32.ActiveCfg = RelWithDebInfo|Win32
		{32748EDF-8CD9-3DE1-B76D-3DC1589BC94F}.RelWithDebInfo|Win32.Build.0 = RelWithDebInfo|Win32
		{B205CD09-4E5B-331E-99E9-477467295EFD}.Debug|Win32.ActiveCfg = Debug|Win32
		{B205CD09-4E5B-331E-99E9-477467295EFD}.Release|Win32.ActiveCfg = Release|Win32
		{B205CD09-4E5B-331E-99E9-477467295EFD}.MinSizeRel|Win32.ActiveCfg = MinSizeRel|Win32
		{B205CD09-4E5B-331E-99E9-477467295EFD}.RelWithDebInfo|Win32.ActiveCfg = RelWithDebInfo|Win32
		{709E3B58-071A-36B4-8E3B-B9AE3FD84E07}.Debug|Win32.ActiveCfg = Debug|Win32
		{709E3B58-071A-36B4-8E3B-B9AE3FD84E07}.Debug|Win32.Build.0 = Debug|Win32
		{709E3B58-071A-36B4-8E3B-B9AE3FD84E07}.Release|Win32.ActiveCfg = Release|Win32
		{709E3B58-071A-36B4-8E3B-B9AE3FD84E07}.Release|Win32.Build.0 = Release|Win32
		{709E3B58-071A-36B4-8E3B-B9AE3FD84E07}.MinSizeRel|Win32.ActiveCfg = MinSizeRel|Win32
		{709E3B58-071A-36B4-8E3B-B9AE3FD84E07}.MinSizeRel|Win32.Build.0 = MinSizeRel|Win32
		{709E3B58-071A-36B4-8E3B-B9AE3FD84E07}.RelWithDebInfo|Win32.ActiveCfg = RelWithDebInfo|Win32
		{709E3B58-071A-36B4-8E3B-B9AE3FD84E07}.RelWithDebInfo|Win32.Build.0 = RelWithDebInfo|Win32
		{DE3876D6-A833-3E92-97AD-797A6EDB0050}.Debug|Win32.ActiveCfg = Debug|Win32
		{DE3876D6-A833-3E92-97AD-797A6EDB0050}.Debug|Win32.Build.0 = Debug|Win32
		{DE3876D6-A833-3E92-97AD-797A6EDB0050}.Release|Win32.ActiveCfg = Release|Win32
		{DE3876D6-A833-3E92-97AD-797A6EDB0050}.Release|Win32.Build.0 = Release|Win32
		{DE3876D6-A833-3E92-97AD-797A6EDB0050}.MinSizeRel|Win32.ActiveCfg = MinSizeRel|Win32
		{DE3876D6-A833-3E92-97AD-797A6EDB0050}.MinSizeRel|Win32.Build.0 = MinSizeRel|Win32
		{DE3876D6-A833-3E92-97AD-797A6EDB0050}.RelWithDebInfo|Win32.ActiveCfg = RelWithDebInfo|Win32
		{DE3876D6-A833-3E92-97AD-797A6EDB0050}.RelWithDebInfo|Win32.Build.0 = RelWithDebInfo|Win32
		{A39F2CB2-9D2E-3A2F-B3B9-0A106FDECDB6}.Debug|Win32.ActiveCfg = Debug|Win32
		{A39F2CB2-9D2E-3A2F-B3B9-0A106FDECDB6}.Release|Win32.ActiveCfg = Release|Win32
		{A39F2CB2-9D2E-3A2F-B3B9-0A106FDECDB6}.MinSizeRel|Win32.ActiveCfg = MinSizeRel|Win32
		{A39F2CB2-9D2E-3A2F-B3B9-0A106FDECDB6}.RelWithDebInfo|Win32.ActiveCfg = RelWithDebInfo|Win32
		{1E20C54F-2AD4-3CB1-995D-28F3C0671DB8}.Debug|Win32.ActiveCfg = Debug|Win32
		{1E20C54F-2AD4-3CB1-995D-28F3C0671DB8}.Debug|Win32.Build.0 = Debug|Win32
		{1E20C54F-2AD4-3CB1-995D-28F3C0671DB8}.Release|Win32.ActiveCfg = Release|Win32
		{1E20C54F-2AD4-3CB1-995D-28F3C0671DB8}.Release|Win32.Build.0 = Release|Win32
		{1E20C54F-2AD4-3CB1-995D-28F3C0671DB8}.MinSizeRel|Win32.ActiveCfg = MinSizeRel|Win32
		{1E20C54F-2AD4-3CB1-995D-28F3C0671DB8}.MinSizeRel|Win32.Build.0 = MinSizeRel|Win32
		{1E20C54F-2AD4-3CB1-995D-28F3C0671DB8}.RelWithDebInfo|Win32.ActiveCfg = RelWithDebInfo|Win32
		{1E20C54F-2AD4-3CB1-995D-28F3C0671DB8}.RelWithDebInfo|Win32.Build.0 = RelWithDebInfo|Win32
		{60E4C23E-D843-3CDD-83A0-395123FFFE86}.Debug|Win32.ActiveCfg = Debug|Win32
		{60E4C23E-D843-3CDD-83A0-395123FFFE86}.Debug|Win32.Build.0 = Debug|Win32
		{60E4C23E-D843-3CDD-83A0-395123FFFE86}.Release|Win32.ActiveCfg = Release|Win32
		{60E4C23E-D843-3CDD-83A0-395123FFFE86}.Release|Win32.Build.0 = Release|Win32
		{60E4C23E-D843-3CDD-83A0-395123FFFE86}.MinSizeRel|Win32.ActiveCfg = MinSizeRel|Win32
		{60E4C23E-D843-3CDD-83A0-395123FFFE86}.MinSizeRel|Win32.Build.0 = MinSizeRel|Win32
		{60E4C23E-D843-3CDD-83A0-395123FFFE86}.RelWithDebInfo|Win32.ActiveCfg = RelWithDebInfo|Win32
		{60E4C23E-D843-3CDD-83A0-395123FFFE86}.RelWithDebInfo|Win32.Build.0 = RelWithDebInfo|Win32
		{65E46328-C13E-3EC3-8D93-9C32F1A44385}.Debug|Win32.ActiveCfg = Debug|Win32
		{65E46328-C13E-3EC3-8D93-9C32F1A44385}.Debug|Win32.Build.0 = Debug|Win32
		{65E46328-C13E-3EC3-8D93-9C32F1A44385}.Release|Win32.ActiveCfg = Release|Win32
		{65E46328-C13E-3EC3-8D93-9C32F1A44385}.Release|Win32.Build.0 = Release|Win32
		{65E46328-C13E-3EC3-8D93-9C32F1A44385}.MinSizeRel|Win32.ActiveCfg = MinSizeRel|Win32
		{65E46328-C13E-3EC3-8D93-9C32F1A44385}.MinSizeRel|Win32.Build.0 = MinSizeRel|Win32
		{65E46328-C13E-3EC3-8D93-9C32F1A44385}.RelWithDebInfo|Win32.ActiveCfg = RelWithDebInfo|Win32
		{65E46328-C13E-3EC3-8D93-9C32F1A44385}.RelWithDebInfo|Win32.Build.0 = RelWithDebInfo|Win32
		{98F81D26-CD76-3886-AFBC-77E0B82A9450}.Debug|Win32.ActiveCfg = Debug|Win32
		{98F81D26-CD76-3886-AFBC-77E0B82A9450}.Debug|Win32.Build.0 = Debug|Win32
		{98F81D26-CD76-3886-AFBC-77E0B82A9450}.Release|Win32.ActiveCfg = Release|Win32
		{98F81D26-CD76-3886-AFBC-77E0B82A9450}.Release|Win32.Build.0 = Release|Win32
		{98F81D26-CD76-3886-AFBC-77E0B82A9450}.MinSizeRel|Win32.ActiveCfg = MinSizeRel|Win32
		{98F81D26-CD76-3886-AFBC-77E0B82A9450}.MinSizeRel|Win32.Build.0 = MinSizeRel|Win32
		{98F81D26-CD76-3886-AFBC-77E0B82A9450}.RelWithDebInfo|Win32.ActiveCfg = RelWithDebInfo|Win32
		{98F81D26-CD76-3886-AFBC-77E0B82A9450}.RelWithDebInfo|Win32.Build.0 = RelWithDebInfo|Win32
		{72707977-7640-3F5F-907F-39BF7459306D}.Debug|Win32.ActiveCfg = Debug|Win32
		{72707977-7640-3F5F-907F-39BF7459306D}.Debug|Win32.Build.0 = Debug|Win32
		{72707977-7640-3F5F-907F-39BF7459306D}.Release|Win32.ActiveCfg = Release|Win32
		{72707977-7640-3F5F-907F-39BF7459306D}.Release|Win32.Build.0 = Release|Win32
		{72707977-7640-3F5F-907F-39BF7459306D}.MinSizeRel|Win32.ActiveCfg = MinSizeRel|Win32
		{72707977-7640-3F5F-907F-39BF7459306D}.MinSizeRel|Win32.Build.0 = MinSizeRel|Win32
		{72707977-7640-3F5F-907F-39BF7459306D}.RelWithDebInfo|Win32.ActiveCfg = RelWithDebInfo|Win32
		{72707977-7640-3F5F-907F-39BF7459306D}.RelWithDebInfo|Win32.Build.0 = RelWithDebInfo|Win32
		{E1E29854-18F9-3054-B0A8-E8E44241624E}.Debug|Win32.ActiveCfg = Debug|Win32
		{E1E29854-18F9-3054-B0A8-E8E44241624E}.Debug|Win32.Build.0 = Debug|Win32
		{E1E29854-18F9-3054-B0A8-E8E44241624E}.Release|Win32.ActiveCfg = Release|Win32
		{E1E29854-18F9-3054-B0A8-E8E44241624E}.Release|Win32.Build.0 = Release|Win32
		{E1E29854-18F9-3054-B0A8-E8E44241624E}.MinSizeRel|Win32.ActiveCfg = MinSizeRel|Win32
		{E1E29854-18F9-3054-B0A8-E8E44241624E}.MinSizeRel|Win32.Build.0 = MinSizeRel|Win32
		{E1E29854-18F9-3054-B0A8-E8E44241624E}.RelWithDebInfo|Win32.ActiveCfg = RelWithDebInfo|Win32
		{E1E29854-18F9-3054-B0A8-E8E44241624E}.RelWithDebInfo|Win32.Build.0 = RelWithDebInfo|Win32
		{8B25FF03-3C82-3F6F-B39E-CC99A5CFCA9D}.Debug|Win32.ActiveCfg = Debug|Win32
		{8B25FF03-3C82-3F6F-B39E-CC99A5CFCA9D}.Debug|Win32.Build.0 = Debug|Win32
		{8B25FF03-3C82-3F6F-B39E-CC99A5CFCA9D}.Release|Win32.ActiveCfg = Release|Win32
		{8B25FF03-3C82-3F6F-B39E-CC99A5CFCA9D}.Release|Win32.Build.0 = Release|Win32
		{8B25FF03-3C82-3F6F-B39E-CC99A5CFCA9D}.MinSizeRel|Win32.ActiveCfg = MinSizeRel|Win32
		{8B25FF03-3C82-3F6F-B39E-CC99A5CFCA9D}.MinSizeRel|Win32.Build.0 = MinSizeRel|Win32
		{8B25FF03-3C82-3F6F-B39E-CC99A5CFCA9D}.RelWithDebInfo|Win32.ActiveCfg = RelWithDebInfo|Win32
		{8B25FF03-3C82-3F6F-B39E-CC99A5CFCA9D}.RelWithDebInfo|Win32.Build.0 = RelWithDebInfo|Win32
		{98112C79-E241-38A9-B4EA-C096D7AB5476}.Debug|Win32.ActiveCfg = Debug|Win32
		{98112C79-E241-38A9-B4EA-C096D7AB5476}.Debug|Win32.Build.0 = Debug|Win32
		{98112C79-E241-38A9-B4EA-C096D7AB5476}.Release|Win32.ActiveCfg = Release|Win32
		{98112C79-E241-38A9-B4EA-C096D7AB5476}.Release|Win32.Build.0 = Release|Win32
		{98112C79-E241-38A9-B4EA-C096D7AB5476}.MinSizeRel|Win32.ActiveCfg = MinSizeRel|Win32
		{98112C79-E241-38A9-B4EA-C096D7AB5476}.MinSizeRel|Win32.Build.0 = MinSizeRel|Win32
		{98112C79-E241-38A9-B4EA-C096D7AB5476}.RelWithDebInfo|Win32.ActiveCfg = RelWithDebInfo|Win32
		{98112C79-E241-38A9-B4EA-C096D7AB5476}.RelWithDebInfo|Win32.Build.0 = RelWithDebInfo|Win32
		{ACEA0000-7501-3122-86B4-65BA0FD9B265}.Debug|Win32.ActiveCfg = Debug|Win32
		{ACEA0000-7501-3122-86B4-65BA0FD9B265}.Debug|Win32.Build.0 = Debug|Win32
		{ACEA0000-7501-3122-86B4-65BA0FD9B265}.Release|Win32.ActiveCfg = Release|Win32
		{ACEA0000-7501-3122-86B4-65BA0FD9B265}.Release|Win32.Build.0 = Release|Win32
		{ACEA0000-7501-3122-86B4-65BA0FD9B265}.MinSizeRel|Win32.ActiveCfg = MinSizeRel|Win32
		{ACEA0000-7501-3122-86B4-65BA0FD9B265}.MinSizeRel|Win32.Build.0 = MinSizeRel|Win32
		{ACEA0000-7501-3122-86B4-65BA0FD9B265}.RelWithDebInfo|Win32.ActiveCfg = RelWithDebInfo|Win32
		{ACEA0000-7501-3122-86B4-65BA0FD9B265}.RelWithDebInfo|Win32.Build.0 = RelWithDebInfo|Win32
		{51634ACE-32DD-3277-9572-6158F3891D28}.Debug|Win32.ActiveCfg = Debug|Win32
		{51634ACE-32DD-3277-9572-6158F3891D28}.Debug|Win32.Build.0 = Debug|Win32
		{51634ACE-32DD-3277-9572-6158F3891D28}.Release|Win32.ActiveCfg = Release|Win32
		{51634ACE-32DD-3277-9572-6158F3891D28}.Release|Win32.Build.0 = Release|Win32
		{51634ACE-32DD-3277-9572-6158F3891D28}.MinSizeRel|Win32.ActiveCfg = MinSizeRel|Win32
		{51634ACE-32DD-3277-9572-6158F3891D28}.MinSizeRel|Win32.Build.0 = MinSizeRel|Win32
		{51634ACE-32DD-3277-9572-6158F3891D28}.RelWithDebInfo|Win32.ActiveCfg = RelWithDebInfo|Win32
		{51634ACE-32DD-3277-9572-6158F3891D28}.RelWithDebInfo|Win32.Build.0 = RelWithDebInfo|Win32
		{DF971081-3A60-3369-BC64-175891293944}.Debug|Win32.ActiveCfg = Debug|Win32
		{DF971081-3A60-3369-BC64-175891293944}.Debug|Win32.Build.0 = Debug|Win32
		{DF971081-3A60-3369-BC64-175891293944}.Release|Win32.ActiveCfg = Release|Win32
		{DF971081-3A60-3369-BC64-175891293944}.Release|Win32.Build.0 = Release|Win32
		{DF971081-3A60-3369-BC64-175891293944}.MinSizeRel|Win32.ActiveCfg = MinSizeRel|Win32
		{DF971081-3A60-3369-BC64-175891293944}.MinSizeRel|Win32.Build.0 = MinSizeRel|Win32
		{DF971081-3A60-3369-BC64-175891293944}.RelWithDebInfo|Win32.ActiveCfg = RelWithDebInfo|Win32
		{DF971081-3A60-3369-BC64-175891293944}.RelWithDebInfo|Win32.Build.0 = RelWithDebInfo|Win32
	EndGlobalSection
	GlobalSection(ExtensibilityGlobals) = postSolution
		SolutionGuid = {320F5C88-9F9A-3258-8F69-037A8FC6069B}
	EndGlobalSection
	GlobalSection(ExtensibilityAddIns) = postSolution
	EndGlobalSection
EndGlobal
