<?xml version="1.0" encoding="UTF-8"?>
<Project ToolsVersion="15.0" xmlns="http://schemas.microsoft.com/developer/msbuild/2003">
  <ItemGroup>
    <ClCompile Include="D:\Desktop\ツール各種\PhisicsEngine\bullet3-2.87\bullet3-2.87\Extras\GIMPACTUtils\btGImpactConvexDecompositionShape.cpp">
      <Filter>Source Files</Filter>
    </ClCompile>
  </ItemGroup>
  <ItemGroup>
    <ClInclude Include="D:\Desktop\ツール各種\PhisicsEngine\bullet3-2.87\bullet3-2.87\Extras\GIMPACTUtils\btGImpactConvexDecompositionShape.h">
      <Filter>Header Files</Filter>
    </ClInclude>
  </ItemGroup>
  <ItemGroup>
    <CustomBuild Include="D:\Desktop\ツール各種\PhisicsEngine\bullet3-2.87\bullet3-2.87\Extras\GIMPACTUtils\CMakeLists.txt" />
  </ItemGroup>
  <ItemGroup>
    <Filter Include="Source Files">
      <UniqueIdentifier>{968EA683-762B-340D-A581-16E601016BE0}</UniqueIdentifier>
    </Filter>
    <Filter Include="Header Files">
      <UniqueIdentifier>{B0073AD9-02F5-3EC1-A6A7-006F3B90835E}</UniqueIdentifier>
    </Filter>
  </ItemGroup>
</Project>
